
Microsoft Visual Studio Solution File, Format Version 12.00
# Visual Studio 15
VisualStudioVersion = 15.0.27130.2020
MinimumVisualStudioVersion = 10.0.40219.1
Project("{FAE04EC0-301F-11D3-BF4B-00C04F79EFBC}") = "WebApplication", "WebApplication\WebApplication.csproj", "{F7919E32-B067-4ED6-9C7B-526ED143C9C6}"
EndProject
Global
	GlobalSection(SolutionConfigurationPlatforms) = preSolution
		Debug|Any CPU = Debug|Any CPU
		Release|Any CPU = Release|Any CPU
	EndGlobalSection
	GlobalSection(ProjectConfigurationPlatforms) = postSolution
		{F7919E32-B067-4ED6-9C7B-526ED143C9C6}.Debug|Any CPU.ActiveCfg = Debug|Any CPU
		{F7919E32-B067-4ED6-9C7B-526ED143C9C6}.Debug|Any CPU.Build.0 = Debug|Any CPU
		{F7919E32-B067-4ED6-9C7B-526ED143C9C6}.Release|Any CPU.ActiveCfg = Release|Any CPU
		{F7919E32-B067-4ED6-9C7B-526ED143C9C6}.Release|Any CPU.Build.0 = Release|Any CPU
	EndGlobalSection
	GlobalSection(SolutionProperties) = preSolution
		HideSolutionNode = FALSE
	EndGlobalSection
	GlobalSection(ExtensibilityGlobals) = postSolution
		SolutionGuid = {0F9DCE47-655E-43FC-91E4-E7182335D42D}
	EndGlobalSection
EndGlobal
